# This file is automatically @generated by Cargo.
# It is not intended for manual editing.
version = 4

[[package]]
name = "onion-frontend"
version = "0.1.0"
dependencies = [
 "onion-vm",
]

[[package]]
name = "onion-lang"
version = "0.1.0"
dependencies = [
 "onion-frontend",
 "onion-vm",
]

[[package]]
name = "onion-vm"
version = "0.1.0"
dependencies = [
 "rust-arc-gc",
]

[[package]]
name = "rust-arc-gc"
version = "0.1.2"
source = "registry+https://github.com/rust-lang/crates.io-index"
checksum = "0553de1578b0f7225aa4c9911714a0c26302f32828d53999374175fdaeb3f5f9"
