# This file is automatically @generated by Cargo.
# It is not intended for manual editing.
version = 4

[[package]]
name = "onion-vm"
version = "0.1.0"
dependencies = [
 "rust-arc-gc",
]

[[package]]
name = "rust-arc-gc"
version = "0.1.0"
source = "registry+https://github.com/rust-lang/crates.io-index"
checksum = "51a9b3c2c1ad0f1a5a5937965e72c2b8312b1b28178c5b78a7a5536541bda1a4"
